// !$*UTF8*$!
{
	archiveVersion = 1;
	classes = {
	};
	objectVersion = 46;
	objects = {

/* Begin PBXBuildFile section */
		D94FE3931C55ECEE00EC1760 /* AppDelegate.swift in Sources */ = {isa = PBXBuildFile; fileRef = D94FE3921C55ECEE00EC1760 /* AppDelegate.swift */; };
		D94FE39A1C55ECEF00EC1760 /* Assets.xcassets in Resources */ = {isa = PBXBuildFile; fileRef = D94FE3991C55ECEF00EC1760 /* Assets.xcassets */; };
		D94FE3A41C55F51E00EC1760 /* stackTemplate.tvml in Resources */ = {isa = PBXBuildFile; fileRef = D94FE3A31C55F51E00EC1760 /* stackTemplate.tvml */; };
		D961A43C1C58C6B40059D934 /* script.js in Resources */ = {isa = PBXBuildFile; fileRef = D961A43B1C58C6B40059D934 /* script.js */; };
		D961A43E1C58F8030059D934 /* application.js in Resources */ = {isa = PBXBuildFile; fileRef = D961A43D1C58F8030059D934 /* application.js */; };
		D961A4401C58F8C70059D934 /* Presenter.js in Resources */ = {isa = PBXBuildFile; fileRef = D961A43F1C58F8C70059D934 /* Presenter.js */; };
		D961A4421C58FB1A0059D934 /* otherTemplate_xml.js in Resources */ = {isa = PBXBuildFile; fileRef = D961A4411C58FB1A0059D934 /* otherTemplate_xml.js */; };
		D961A4511C58FB230059D934 /* alexis.png in Resources */ = {isa = PBXBuildFile; fileRef = D961A4441C58FB230059D934 /* alexis.png */; };
		D961A4521C58FB230059D934 /* cesare.png in Resources */ = {isa = PBXBuildFile; fileRef = D961A4451C58FB230059D934 /* cesare.png */; };
		D961A4531C58FB230059D934 /* chris.png in Resources */ = {isa = PBXBuildFile; fileRef = D961A4461C58FB230059D934 /* chris.png */; };
		D961A4541C58FB230059D934 /* ellen.png in Resources */ = {isa = PBXBuildFile; fileRef = D961A4471C58FB230059D934 /* ellen.png */; };
		D961A4551C58FB230059D934 /* jake.png in Resources */ = {isa = PBXBuildFile; fileRef = D961A4481C58FB230059D934 /* jake.png */; };
		D961A4561C58FB230059D934 /* kim.png in Resources */ = {isa = PBXBuildFile; fileRef = D961A4491C58FB230059D934 /* kim.png */; };
		D961A4571C58FB230059D934 /* marin.png in Resources */ = {isa = PBXBuildFile; fileRef = D961A44A1C58FB230059D934 /* marin.png */; };
		D961A4581C58FB230059D934 /* matthijs.png in Resources */ = {isa = PBXBuildFile; fileRef = D961A44B1C58FB230059D934 /* matthijs.png */; };
		D961A4591C58FB230059D934 /* ray.png in Resources */ = {isa = PBXBuildFile; fileRef = D961A44C1C58FB230059D934 /* ray.png */; };
		D961A45A1C58FB230059D934 /* ryan.png in Resources */ = {isa = PBXBuildFile; fileRef = D961A44D1C58FB230059D934 /* ryan.png */; };
		D961A45B1C58FB230059D934 /* saul.png in Resources */ = {isa = PBXBuildFile; fileRef = D961A44E1C58FB230059D934 /* saul.png */; };
		D961A45C1C58FB230059D934 /* tammy.png in Resources */ = {isa = PBXBuildFile; fileRef = D961A44F1C58FB230059D934 /* tammy.png */; };
		D961A45D1C58FB230059D934 /* vicki.png in Resources */ = {isa = PBXBuildFile; fileRef = D961A4501C58FB230059D934 /* vicki.png */; };
		D961A45F1C58FB570059D934 /* resourceLoader.js in Resources */ = {isa = PBXBuildFile; fileRef = D961A45E1C58FB570059D934 /* resourceLoader.js */; };
		D96285631C563AE3004E3999 /* server.sh in Resources */ = {isa = PBXBuildFile; fileRef = D96285621C563AE3004E3999 /* server.sh */; };
		D96285651C564F5F004E3999 /* SUB.jpg in Resources */ = {isa = PBXBuildFile; fileRef = D96285641C564F5F004E3999 /* SUB.jpg */; };
		D96285671C564F68004E3999 /* RDAK.jpg in Resources */ = {isa = PBXBuildFile; fileRef = D96285661C564F68004E3999 /* RDAK.jpg */; };
/* End PBXBuildFile section */

/* Begin PBXFileReference section */
		D94FE38F1C55ECEE00EC1760 /* TVClientServer.app */ = {isa = PBXFileReference; explicitFileType = wrapper.application; includeInIndex = 0; path = TVClientServer.app; sourceTree = BUILT_PRODUCTS_DIR; };
		D94FE3921C55ECEE00EC1760 /* AppDelegate.swift */ = {isa = PBXFileReference; lastKnownFileType = sourcecode.swift; path = AppDelegate.swift; sourceTree = "<group>"; };
		D94FE3991C55ECEF00EC1760 /* Assets.xcassets */ = {isa = PBXFileReference; lastKnownFileType = folder.assetcatalog; path = Assets.xcassets; sourceTree = "<group>"; };
		D94FE39B1C55ECEF00EC1760 /* Info.plist */ = {isa = PBXFileReference; lastKnownFileType = text.plist.xml; path = Info.plist; sourceTree = "<group>"; };
		D94FE3A31C55F51E00EC1760 /* stackTemplate.tvml */ = {isa = PBXFileReference; fileEncoding = 4; lastKnownFileType = text; path = stackTemplate.tvml; sourceTree = "<group>"; };
		D961A43B1C58C6B40059D934 /* script.js */ = {isa = PBXFileReference; fileEncoding = 4; lastKnownFileType = sourcecode.javascript; path = script.js; sourceTree = "<group>"; };
		D961A43D1C58F8030059D934 /* application.js */ = {isa = PBXFileReference; fileEncoding = 4; lastKnownFileType = sourcecode.javascript; path = application.js; sourceTree = "<group>"; };
		D961A43F1C58F8C70059D934 /* Presenter.js */ = {isa = PBXFileReference; fileEncoding = 4; lastKnownFileType = sourcecode.javascript; path = Presenter.js; sourceTree = "<group>"; };
		D961A4411C58FB1A0059D934 /* otherTemplate_xml.js */ = {isa = PBXFileReference; fileEncoding = 4; lastKnownFileType = sourcecode.javascript; path = otherTemplate_xml.js; sourceTree = "<group>"; };
		D961A4441C58FB230059D934 /* alexis.png */ = {isa = PBXFileReference; lastKnownFileType = image.png; path = alexis.png; sourceTree = "<group>"; };
		D961A4451C58FB230059D934 /* cesare.png */ = {isa = PBXFileReference; lastKnownFileType = image.png; path = cesare.png; sourceTree = "<group>"; };
		D961A4461C58FB230059D934 /* chris.png */ = {isa = PBXFileReference; lastKnownFileType = image.png; path = chris.png; sourceTree = "<group>"; };
		D961A4471C58FB230059D934 /* ellen.png */ = {isa = PBXFileReference; lastKnownFileType = image.png; path = ellen.png; sourceTree = "<group>"; };
		D961A4481C58FB230059D934 /* jake.png */ = {isa = PBXFileReference; lastKnownFileType = image.png; path = jake.png; sourceTree = "<group>"; };
		D961A4491C58FB230059D934 /* kim.png */ = {isa = PBXFileReference; lastKnownFileType = image.png; path = kim.png; sourceTree = "<group>"; };
		D961A44A1C58FB230059D934 /* marin.png */ = {isa = PBXFileReference; lastKnownFileType = image.png; path = marin.png; sourceTree = "<group>"; };
		D961A44B1C58FB230059D934 /* matthijs.png */ = {isa = PBXFileReference; lastKnownFileType = image.png; path = matthijs.png; sourceTree = "<group>"; };
		D961A44C1C58FB230059D934 /* ray.png */ = {isa = PBXFileReference; lastKnownFileType = image.png; path = ray.png; sourceTree = "<group>"; };
		D961A44D1C58FB230059D934 /* ryan.png */ = {isa = PBXFileReference; lastKnownFileType = image.png; path = ryan.png; sourceTree = "<group>"; };
		D961A44E1C58FB230059D934 /* saul.png */ = {isa = PBXFileReference; lastKnownFileType = image.png; path = saul.png; sourceTree = "<group>"; };
		D961A44F1C58FB230059D934 /* tammy.png */ = {isa = PBXFileReference; lastKnownFileType = image.png; path = tammy.png; sourceTree = "<group>"; };
		D961A4501C58FB230059D934 /* vicki.png */ = {isa = PBXFileReference; lastKnownFileType = image.png; path = vicki.png; sourceTree = "<group>"; };
		D961A45E1C58FB570059D934 /* resourceLoader.js */ = {isa = PBXFileReference; fileEncoding = 4; lastKnownFileType = sourcecode.javascript; path = resourceLoader.js; sourceTree = "<group>"; };
		D96285621C563AE3004E3999 /* server.sh */ = {isa = PBXFileReference; fileEncoding = 4; lastKnownFileType = text.script.sh; path = server.sh; sourceTree = "<group>"; };
		D96285641C564F5F004E3999 /* SUB.jpg */ = {isa = PBXFileReference; lastKnownFileType = image.jpeg; path = SUB.jpg; sourceTree = "<group>"; };
		D96285661C564F68004E3999 /* RDAK.jpg */ = {isa = PBXFileReference; lastKnownFileType = image.jpeg; path = RDAK.jpg; sourceTree = "<group>"; };
/* End PBXFileReference section */

/* Begin PBXFrameworksBuildPhase section */
		D94FE38C1C55ECEE00EC1760 /* Frameworks */ = {
			isa = PBXFrameworksBuildPhase;
			buildActionMask = 2147483647;
			files = (
			);
			runOnlyForDeploymentPostprocessing = 0;
		};
/* End PBXFrameworksBuildPhase section */

/* Begin PBXGroup section */
		D94FE3861C55ECEE00EC1760 = {
			isa = PBXGroup;
			children = (
				D94FE3911C55ECEE00EC1760 /* TVClientServer */,
				D94FE3901C55ECEE00EC1760 /* Products */,
			);
			sourceTree = "<group>";
		};
		D94FE3901C55ECEE00EC1760 /* Products */ = {
			isa = PBXGroup;
			children = (
				D94FE38F1C55ECEE00EC1760 /* TVClientServer.app */,
			);
			name = Products;
			sourceTree = "<group>";
		};
		D94FE3911C55ECEE00EC1760 /* TVClientServer */ = {
			isa = PBXGroup;
			children = (
				D961A4431C58FB230059D934 /* images */,
				D96285621C563AE3004E3999 /* server.sh */,
				D96285661C564F68004E3999 /* RDAK.jpg */,
				D96285641C564F5F004E3999 /* SUB.jpg */,
				D961A43B1C58C6B40059D934 /* script.js */,
				D961A45E1C58FB570059D934 /* resourceLoader.js */,
				D961A43F1C58F8C70059D934 /* Presenter.js */,
				D961A4411C58FB1A0059D934 /* otherTemplate_xml.js */,
				D961A43D1C58F8030059D934 /* application.js */,
				D94FE3A31C55F51E00EC1760 /* stackTemplate.tvml */,
				D94FE3921C55ECEE00EC1760 /* AppDelegate.swift */,
				D94FE3991C55ECEF00EC1760 /* Assets.xcassets */,
				D94FE39B1C55ECEF00EC1760 /* Info.plist */,
			);
			path = TVClientServer;
			sourceTree = "<group>";
		};
		D961A4431C58FB230059D934 /* images */ = {
			isa = PBXGroup;
			children = (
				D961A4441C58FB230059D934 /* alexis.png */,
				D961A4451C58FB230059D934 /* cesare.png */,
				D961A4461C58FB230059D934 /* chris.png */,
				D961A4471C58FB230059D934 /* ellen.png */,
				D961A4481C58FB230059D934 /* jake.png */,
				D961A4491C58FB230059D934 /* kim.png */,
				D961A44A1C58FB230059D934 /* marin.png */,
				D961A44B1C58FB230059D934 /* matthijs.png */,
				D961A44C1C58FB230059D934 /* ray.png */,
				D961A44D1C58FB230059D934 /* ryan.png */,
				D961A44E1C58FB230059D934 /* saul.png */,
				D961A44F1C58FB230059D934 /* tammy.png */,
				D961A4501C58FB230059D934 /* vicki.png */,
			);
			path = images;
			sourceTree = "<group>";
		};
/* End PBXGroup section */

/* Begin PBXNativeTarget section */
		D94FE38E1C55ECEE00EC1760 /* TVClientServer */ = {
			isa = PBXNativeTarget;
			buildConfigurationList = D94FE39E1C55ECEF00EC1760 /* Build configuration list for PBXNativeTarget "TVClientServer" */;
			buildPhases = (
				D94FE38B1C55ECEE00EC1760 /* Sources */,
				D94FE38C1C55ECEE00EC1760 /* Frameworks */,
				D94FE38D1C55ECEE00EC1760 /* Resources */,
				D94FE3A51C560BAB00EC1760 /* ShellScript */,
			);
			buildRules = (
			);
			dependencies = (
			);
			name = TVClientServer;
			productName = TVClientServer;
			productReference = D94FE38F1C55ECEE00EC1760 /* TVClientServer.app */;
			productType = "com.apple.product-type.application";
		};
/* End PBXNativeTarget section */

/* Begin PBXProject section */
		D94FE3871C55ECEE00EC1760 /* Project object */ = {
			isa = PBXProject;
			attributes = {
				LastSwiftUpdateCheck = 0720;
				LastUpgradeCheck = 0720;
				ORGANIZATIONNAME = "Pankaj Verma";
				TargetAttributes = {
					D94FE38E1C55ECEE00EC1760 = {
						CreatedOnToolsVersion = 7.2;
					};
				};
			};
			buildConfigurationList = D94FE38A1C55ECEE00EC1760 /* Build configuration list for PBXProject "TVClientServer" */;
			compatibilityVersion = "Xcode 3.2";
			developmentRegion = English;
			hasScannedForEncodings = 0;
			knownRegions = (
				en,
				Base,
			);
			mainGroup = D94FE3861C55ECEE00EC1760;
			productRefGroup = D94FE3901C55ECEE00EC1760 /* Products */;
			projectDirPath = "";
			projectRoot = "";
			targets = (
				D94FE38E1C55ECEE00EC1760 /* TVClientServer */,
			);
		};
/* End PBXProject section */

/* Begin PBXResourcesBuildPhase section */
		D94FE38D1C55ECEE00EC1760 /* Resources */ = {
			isa = PBXResourcesBuildPhase;
			buildActionMask = 2147483647;
			files = (
				D961A4581C58FB230059D934 /* matthijs.png in Resources */,
				D961A43E1C58F8030059D934 /* application.js in Resources */,
				D961A45C1C58FB230059D934 /* tammy.png in Resources */,
				D961A43C1C58C6B40059D934 /* script.js in Resources */,
				D961A4541C58FB230059D934 /* ellen.png in Resources */,
				D961A4571C58FB230059D934 /* marin.png in Resources */,
				D94FE39A1C55ECEF00EC1760 /* Assets.xcassets in Resources */,
				D961A4591C58FB230059D934 /* ray.png in Resources */,
				D961A4421C58FB1A0059D934 /* otherTemplate_xml.js in Resources */,
				D96285631C563AE3004E3999 /* server.sh in Resources */,
				D961A4511C58FB230059D934 /* alexis.png in Resources */,
				D961A45F1C58FB570059D934 /* resourceLoader.js in Resources */,
				D96285651C564F5F004E3999 /* SUB.jpg in Resources */,
				D961A45D1C58FB230059D934 /* vicki.png in Resources */,
				D94FE3A41C55F51E00EC1760 /* stackTemplate.tvml in Resources */,
				D961A45A1C58FB230059D934 /* ryan.png in Resources */,
				D961A4561C58FB230059D934 /* kim.png in Resources */,
				D96285671C564F68004E3999 /* RDAK.jpg in Resources */,
				D961A4551C58FB230059D934 /* jake.png in Resources */,
				D961A45B1C58FB230059D934 /* saul.png in Resources */,
				D961A4531C58FB230059D934 /* chris.png in Resources */,
				D961A4521C58FB230059D934 /* cesare.png in Resources */,
				D961A4401C58F8C70059D934 /* Presenter.js in Resources */,
			);
			runOnlyForDeploymentPostprocessing = 0;
		};
/* End PBXResourcesBuildPhase section */

/* Begin PBXShellScriptBuildPhase section */
		D94FE3A51C560BAB00EC1760 /* ShellScript */ = {
			isa = PBXShellScriptBuildPhase;
			buildActionMask = 12;
			files = (
			);
			inputPaths = (
				"",
			);
			outputPaths = (
				"",
			);
			runOnlyForDeploymentPostprocessing = 0;
			shellPath = /bin/sh;
			shellScript = "";
		};
/* End PBXShellScriptBuildPhase section */

/* Begin PBXSourcesBuildPhase section */
		D94FE38B1C55ECEE00EC1760 /* Sources */ = {
			isa = PBXSourcesBuildPhase;
			buildActionMask = 2147483647;
			files = (
				D94FE3931C55ECEE00EC1760 /* AppDelegate.swift in Sources */,
			);
			runOnlyForDeploymentPostprocessing = 0;
		};
/* End PBXSourcesBuildPhase section */

/* Begin XCBuildConfiguration section */
		D94FE39C1C55ECEF00EC1760 /* Debug */ = {
			isa = XCBuildConfiguration;
			buildSettings = {
				ALWAYS_SEARCH_USER_PATHS = NO;
				CLANG_CXX_LANGUAGE_STANDARD = "gnu++0x";
				CLANG_CXX_LIBRARY = "libc++";
				CLANG_ENABLE_MODULES = YES;
				CLANG_ENABLE_OBJC_ARC = YES;
				CLANG_WARN_BOOL_CONVERSION = YES;
				CLANG_WARN_CONSTANT_CONVERSION = YES;
				CLANG_WARN_DIRECT_OBJC_ISA_USAGE = YES_ERROR;
				CLANG_WARN_EMPTY_BODY = YES;
				CLANG_WARN_ENUM_CONVERSION = YES;
				CLANG_WARN_INT_CONVERSION = YES;
				CLANG_WARN_OBJC_ROOT_CLASS = YES_ERROR;
				CLANG_WARN_UNREACHABLE_CODE = YES;
				CLANG_WARN__DUPLICATE_METHOD_MATCH = YES;
				COPY_PHASE_STRIP = NO;
				DEBUG_INFORMATION_FORMAT = dwarf;
				ENABLE_STRICT_OBJC_MSGSEND = YES;
				ENABLE_TESTABILITY = YES;
				GCC_C_LANGUAGE_STANDARD = gnu99;
				GCC_DYNAMIC_NO_PIC = NO;
				GCC_NO_COMMON_BLOCKS = YES;
				GCC_OPTIMIZATION_LEVEL = 0;
				GCC_PREPROCESSOR_DEFINITIONS = (
					"DEBUG=1",
					"$(inherited)",
				);
				GCC_WARN_64_TO_32_BIT_CONVERSION = YES;
				GCC_WARN_ABOUT_RETURN_TYPE = YES_ERROR;
				GCC_WARN_UNDECLARED_SELECTOR = YES;
				GCC_WARN_UNINITIALIZED_AUTOS = YES_AGGRESSIVE;
				GCC_WARN_UNUSED_FUNCTION = YES;
				GCC_WARN_UNUSED_VARIABLE = YES;
				MTL_ENABLE_DEBUG_INFO = YES;
				ONLY_ACTIVE_ARCH = YES;
				SDKROOT = appletvos;
				SWIFT_OPTIMIZATION_LEVEL = "-Onone";
				TARGETED_DEVICE_FAMILY = 3;
				TVOS_DEPLOYMENT_TARGET = 9.1;
			};
			name = Debug;
		};
		D94FE39D1C55ECEF00EC1760 /* Release */ = {
			isa = XCBuildConfiguration;
			buildSettings = {
				ALWAYS_SEARCH_USER_PATHS = NO;
				CLANG_CXX_LANGUAGE_STANDARD = "gnu++0x";
				CLANG_CXX_LIBRARY = "libc++";
				CLANG_ENABLE_MODULES = YES;
				CLANG_ENABLE_OBJC_ARC = YES;
				CLANG_WARN_BOOL_CONVERSION = YES;
				CLANG_WARN_CONSTANT_CONVERSION = YES;
				CLANG_WARN_DIRECT_OBJC_ISA_USAGE = YES_ERROR;
				CLANG_WARN_EMPTY_BODY = YES;
				CLANG_WARN_ENUM_CONVERSION = YES;
				CLANG_WARN_INT_CONVERSION = YES;
				CLANG_WARN_OBJC_ROOT_CLASS = YES_ERROR;
				CLANG_WARN_UNREACHABLE_CODE = YES;
				CLANG_WARN__DUPLICATE_METHOD_MATCH = YES;
				COPY_PHASE_STRIP = NO;
				DEBUG_INFORMATION_FORMAT = "dwarf-with-dsym";
				ENABLE_NS_ASSERTIONS = NO;
				ENABLE_STRICT_OBJC_MSGSEND = YES;
				GCC_C_LANGUAGE_STANDARD = gnu99;
				GCC_NO_COMMON_BLOCKS = YES;
				GCC_WARN_64_TO_32_BIT_CONVERSION = YES;
				GCC_WARN_ABOUT_RETURN_TYPE = YES_ERROR;
				GCC_WARN_UNDECLARED_SELECTOR = YES;
				GCC_WARN_UNINITIALIZED_AUTOS = YES_AGGRESSIVE;
				GCC_WARN_UNUSED_FUNCTION = YES;
				GCC_WARN_UNUSED_VARIABLE = YES;
				MTL_ENABLE_DEBUG_INFO = NO;
				SDKROOT = appletvos;
				TARGETED_DEVICE_FAMILY = 3;
				TVOS_DEPLOYMENT_TARGET = 9.1;
				VALIDATE_PRODUCT = YES;
			};
			name = Release;
		};
		D94FE39F1C55ECEF00EC1760 /* Debug */ = {
			isa = XCBuildConfiguration;
			buildSettings = {
				ASSETCATALOG_COMPILER_APPICON_NAME = "App Icon & Top Shelf Image";
				ASSETCATALOG_COMPILER_LAUNCHIMAGE_NAME = LaunchImage;
				INFOPLIST_FILE = TVClientServer/Info.plist;
				LD_RUNPATH_SEARCH_PATHS = "$(inherited) @executable_path/Frameworks";
				PRODUCT_BUNDLE_IDENTIFIER = com.pankaj.TVClientServer;
				PRODUCT_NAME = "$(TARGET_NAME)";
			};
			name = Debug;
		};
		D94FE3A01C55ECEF00EC1760 /* Release */ = {
			isa = XCBuildConfiguration;
			buildSettings = {
				ASSETCATALOG_COMPILER_APPICON_NAME = "App Icon & Top Shelf Image";
				ASSETCATALOG_COMPILER_LAUNCHIMAGE_NAME = LaunchImage;
				INFOPLIST_FILE = TVClientServer/Info.plist;
				LD_RUNPATH_SEARCH_PATHS = "$(inherited) @executable_path/Frameworks";
				PRODUCT_BUNDLE_IDENTIFIER = com.pankaj.TVClientServer;
				PRODUCT_NAME = "$(TARGET_NAME)";
			};
			name = Release;
		};
/* End XCBuildConfiguration section */

/* Begin XCConfigurationList section */
		D94FE38A1C55ECEE00EC1760 /* Build configuration list for PBXProject "TVClientServer" */ = {
			isa = XCConfigurationList;
			buildConfigurations = (
				D94FE39C1C55ECEF00EC1760 /* Debug */,
				D94FE39D1C55ECEF00EC1760 /* Release */,
			);
			defaultConfigurationIsVisible = 0;
			defaultConfigurationName = Release;
		};
		D94FE39E1C55ECEF00EC1760 /* Build configuration list for PBXNativeTarget "TVClientServer" */ = {
			isa = XCConfigurationList;
			buildConfigurations = (
				D94FE39F1C55ECEF00EC1760 /* Debug */,
				D94FE3A01C55ECEF00EC1760 /* Release */,
			);
			defaultConfigurationIsVisible = 0;
			defaultConfigurationName = Release;
		};
/* End XCConfigurationList section */
	};
	rootObject = D94FE3871C55ECEE00EC1760 /* Project object */;
}
